
Microsoft Visual Studio Solution File, Format Version 12.00
# Visual Studio 14
VisualStudioVersion = 14.0.25123.0
MinimumVisualStudioVersion = 10.0.40219.1
Project("{FAE04EC0-301F-11D3-BF4B-00C04F79EFBC}") = "TinyClient", "TinyClient\TinyClient.csproj", "{16DBA73E-3DED-4A79-94F9-8220E4BC2CF5}"
EndProject
Project("{FAE04EC0-301F-11D3-BF4B-00C04F79EFBC}") = "TinyClient.TestApplication", "TinyClient.Example\TinyClient.TestApplication.csproj", "{B0A64F0C-4A5F-49E6-BB8A-40BBDA8FE067}"
EndProject
Project("{FAE04EC0-301F-11D3-BF4B-00C04F79EFBC}") = "TinyClient.Tests", "TinyClient.Tests\TinyClient.Tests.csproj", "{4EC3A9FB-ED13-4AE3-8495-12BC46AC9C47}"
EndProject
Global
	GlobalSection(SolutionConfigurationPlatforms) = preSolution
		Debug|Any CPU = Debug|Any CPU
		Release|Any CPU = Release|Any CPU
	EndGlobalSection
	GlobalSection(ProjectConfigurationPlatforms) = postSolution
		{16DBA73E-3DED-4A79-94F9-8220E4BC2CF5}.Debug|Any CPU.ActiveCfg = Debug|Any CPU
		{16DBA73E-3DED-4A79-94F9-8220E4BC2CF5}.Debug|Any CPU.Build.0 = Debug|Any CPU
		{16DBA73E-3DED-4A79-94F9-8220E4BC2CF5}.Release|Any CPU.ActiveCfg = Release|Any CPU
		{16DBA73E-3DED-4A79-94F9-8220E4BC2CF5}.Release|Any CPU.Build.0 = Release|Any CPU
		{B0A64F0C-4A5F-49E6-BB8A-40BBDA8FE067}.Debug|Any CPU.ActiveCfg = Debug|Any CPU
		{B0A64F0C-4A5F-49E6-BB8A-40BBDA8FE067}.Debug|Any CPU.Build.0 = Debug|Any CPU
		{B0A64F0C-4A5F-49E6-BB8A-40BBDA8FE067}.Release|Any CPU.ActiveCfg = Release|Any CPU
		{B0A64F0C-4A5F-49E6-BB8A-40BBDA8FE067}.Release|Any CPU.Build.0 = Release|Any CPU
		{4EC3A9FB-ED13-4AE3-8495-12BC46AC9C47}.Debug|Any CPU.ActiveCfg = Debug|Any CPU
		{4EC3A9FB-ED13-4AE3-8495-12BC46AC9C47}.Debug|Any CPU.Build.0 = Debug|Any CPU
		{4EC3A9FB-ED13-4AE3-8495-12BC46AC9C47}.Release|Any CPU.ActiveCfg = Release|Any CPU
		{4EC3A9FB-ED13-4AE3-8495-12BC46AC9C47}.Release|Any CPU.Build.0 = Release|Any CPU
	EndGlobalSection
	GlobalSection(SolutionProperties) = preSolution
		HideSolutionNode = FALSE
	EndGlobalSection
EndGlobal
